
Microsoft Visual Studio Solution File, Format Version 12.00
# Visual Studio Version 17
VisualStudioVersion = 17.2.32516.85
MinimumVisualStudioVersion = 10.0.40219.1
Project("{2150E333-8FDC-42A3-9474-1A3956D46DE8}") = "Netflix", "Netflix", "{B7E16433-8A4D-4B3F-BBF7-F8368409CE5D}"
EndProject
Project("{9A19103F-16F7-4668-BE54-9A1E7A4F7556}") = "GroupSimilarTitles", "GroupSimilarTitles\GroupSimilarTitles.csproj", "{2C4B524D-7BC2-46DB-AB39-E3689403532F}"
EndProject
Project("{2150E333-8FDC-42A3-9474-1A3956D46DE8}") = "Arrays", "Arrays", "{246E7E9B-825B-4179-AD4A-203B8E4A90E7}"
EndProject
Project("{9A19103F-16F7-4668-BE54-9A1E7A4F7556}") = "MergingTwoArrays", "MergingTwoArrays\MergingTwoArrays.csproj", "{B43147DC-680C-40F6-8112-AB6B27420848}"
EndProject
Project("{9A19103F-16F7-4668-BE54-9A1E7A4F7556}") = "RemoveEvenFromIntArray", "RemoveEvenFromIntArray\RemoveEvenFromIntArray.csproj", "{BC4E46F0-48C1-418C-8115-294045367164}"
EndProject
Project("{2150E333-8FDC-42A3-9474-1A3956D46DE8}") = "LinkedList", "LinkedList", "{EF03775F-9454-447B-87F5-428890F3FD67}"
EndProject
Project("{9A19103F-16F7-4668-BE54-9A1E7A4F7556}") = "LinkedListDemo", "LinkedListDemo\LinkedListDemo.csproj", "{90C70255-C520-4C71-85BA-C8317CE289BB}"
EndProject
Project("{2150E333-8FDC-42A3-9474-1A3956D46DE8}") = "Practice", "Practice", "{0CF98E47-27EC-44D2-ACAE-0E4A824B115E}"
EndProject
Project("{2150E333-8FDC-42A3-9474-1A3956D46DE8}") = "LinkedList", "LinkedList", "{454A6500-A797-4B87-ADBF-052AC63C020E}"
EndProject
Project("{9A19103F-16F7-4668-BE54-9A1E7A4F7556}") = "LinkedListDemo", "LisnkedListDemo\LinkedListDemo.csproj", "{6C396DDA-670E-44FE-BAF2-E8ECA03F9D3D}"
EndProject
Project("{9A19103F-16F7-4668-BE54-9A1E7A4F7556}") = "InsertAtPositionDemo", "InsertAtPositionDemo\InsertAtPositionDemo.csproj", "{7D9A8BDB-70A0-4B09-BD97-7E70ADC27705}"
EndProject
Project("{9A19103F-16F7-4668-BE54-9A1E7A4F7556}") = "SearchAnElementInArray", "SearchAnElementInArray\SearchAnElementInArray.csproj", "{711AE651-1768-4281-9F19-E5B1A08C2F7D}"
EndProject
Project("{9A19103F-16F7-4668-BE54-9A1E7A4F7556}") = "RemoveAnElementFromArray", "RemoveAnElementFromArray\RemoveAnElementFromArray.csproj", "{67AA11EC-AC72-410C-8362-7758506D6D4D}"
EndProject
Project("{9A19103F-16F7-4668-BE54-9A1E7A4F7556}") = "Utility", "Utility\Utility.csproj", "{F5C8423A-2472-4C20-8A54-68CE8AD6482A}"
EndProject
Project("{2150E333-8FDC-42A3-9474-1A3956D46DE8}") = "Log2Base", "Log2Base", "{C6748805-EDA6-4717-A826-583097675EC1}"
EndProject
Project("{9A19103F-16F7-4668-BE54-9A1E7A4F7556}") = "LinkedListConsole", "LinkedListConsole\LinkedListConsole.csproj", "{89D76C95-588A-4891-A4F8-D2002E374F78}"
EndProject
Project("{2150E333-8FDC-42A3-9474-1A3956D46DE8}") = "DoubleLinkedList", "DoubleLinkedList", "{38DABB38-D200-459B-B95D-898C45072ACE}"
EndProject
Project("{FAE04EC0-301F-11D3-BF4B-00C04F79EFBC}") = "DoublyLinkedListConsole", "DoublyLinkedListConsole\DoublyLinkedListConsole.csproj", "{A60C4FA6-A05D-40A8-A489-2651B832BE28}"
EndProject
Project("{2150E333-8FDC-42A3-9474-1A3956D46DE8}") = "Log2Base", "Log2Base", "{2CA58000-23D8-434C-86D9-05DECE461819}"
EndProject
Project("{2150E333-8FDC-42A3-9474-1A3956D46DE8}") = "CircualrLinkedList", "CircualrLinkedList", "{52C00E97-93E0-4495-A4D8-6DBE88A893D4}"
EndProject
Project("{2150E333-8FDC-42A3-9474-1A3956D46DE8}") = "Log2Base", "Log2Base", "{0AC91455-1CB4-4AEA-B2BC-3D0A5F8B12D2}"
EndProject
Project("{FAE04EC0-301F-11D3-BF4B-00C04F79EFBC}") = "CircularLinkedListConsole", "CircularLinkedListConsole\CircularLinkedListConsole.csproj", "{01681399-F1F1-40F3-ACAB-CD43A22CB100}"
EndProject
Global
	GlobalSection(SolutionConfigurationPlatforms) = preSolution
		Debug|Any CPU = Debug|Any CPU
		Release|Any CPU = Release|Any CPU
	EndGlobalSection
	GlobalSection(ProjectConfigurationPlatforms) = postSolution
		{2C4B524D-7BC2-46DB-AB39-E3689403532F}.Debug|Any CPU.ActiveCfg = Debug|Any CPU
		{2C4B524D-7BC2-46DB-AB39-E3689403532F}.Debug|Any CPU.Build.0 = Debug|Any CPU
		{2C4B524D-7BC2-46DB-AB39-E3689403532F}.Release|Any CPU.ActiveCfg = Release|Any CPU
		{2C4B524D-7BC2-46DB-AB39-E3689403532F}.Release|Any CPU.Build.0 = Release|Any CPU
		{B43147DC-680C-40F6-8112-AB6B27420848}.Debug|Any CPU.ActiveCfg = Debug|Any CPU
		{B43147DC-680C-40F6-8112-AB6B27420848}.Debug|Any CPU.Build.0 = Debug|Any CPU
		{B43147DC-680C-40F6-8112-AB6B27420848}.Release|Any CPU.ActiveCfg = Release|Any CPU
		{B43147DC-680C-40F6-8112-AB6B27420848}.Release|Any CPU.Build.0 = Release|Any CPU
		{BC4E46F0-48C1-418C-8115-294045367164}.Debug|Any CPU.ActiveCfg = Debug|Any CPU
		{BC4E46F0-48C1-418C-8115-294045367164}.Debug|Any CPU.Build.0 = Debug|Any CPU
		{BC4E46F0-48C1-418C-8115-294045367164}.Release|Any CPU.ActiveCfg = Release|Any CPU
		{BC4E46F0-48C1-418C-8115-294045367164}.Release|Any CPU.Build.0 = Release|Any CPU
		{90C70255-C520-4C71-85BA-C8317CE289BB}.Debug|Any CPU.ActiveCfg = Debug|Any CPU
		{90C70255-C520-4C71-85BA-C8317CE289BB}.Debug|Any CPU.Build.0 = Debug|Any CPU
		{90C70255-C520-4C71-85BA-C8317CE289BB}.Release|Any CPU.ActiveCfg = Release|Any CPU
		{90C70255-C520-4C71-85BA-C8317CE289BB}.Release|Any CPU.Build.0 = Release|Any CPU
		{6C396DDA-670E-44FE-BAF2-E8ECA03F9D3D}.Debug|Any CPU.ActiveCfg = Debug|Any CPU
		{6C396DDA-670E-44FE-BAF2-E8ECA03F9D3D}.Debug|Any CPU.Build.0 = Debug|Any CPU
		{6C396DDA-670E-44FE-BAF2-E8ECA03F9D3D}.Release|Any CPU.ActiveCfg = Release|Any CPU
		{6C396DDA-670E-44FE-BAF2-E8ECA03F9D3D}.Release|Any CPU.Build.0 = Release|Any CPU
		{7D9A8BDB-70A0-4B09-BD97-7E70ADC27705}.Debug|Any CPU.ActiveCfg = Debug|Any CPU
		{7D9A8BDB-70A0-4B09-BD97-7E70ADC27705}.Debug|Any CPU.Build.0 = Debug|Any CPU
		{7D9A8BDB-70A0-4B09-BD97-7E70ADC27705}.Release|Any CPU.ActiveCfg = Release|Any CPU
		{7D9A8BDB-70A0-4B09-BD97-7E70ADC27705}.Release|Any CPU.Build.0 = Release|Any CPU
		{711AE651-1768-4281-9F19-E5B1A08C2F7D}.Debug|Any CPU.ActiveCfg = Debug|Any CPU
		{711AE651-1768-4281-9F19-E5B1A08C2F7D}.Debug|Any CPU.Build.0 = Debug|Any CPU
		{711AE651-1768-4281-9F19-E5B1A08C2F7D}.Release|Any CPU.ActiveCfg = Release|Any CPU
		{711AE651-1768-4281-9F19-E5B1A08C2F7D}.Release|Any CPU.Build.0 = Release|Any CPU
		{67AA11EC-AC72-410C-8362-7758506D6D4D}.Debug|Any CPU.ActiveCfg = Debug|Any CPU
		{67AA11EC-AC72-410C-8362-7758506D6D4D}.Debug|Any CPU.Build.0 = Debug|Any CPU
		{67AA11EC-AC72-410C-8362-7758506D6D4D}.Release|Any CPU.ActiveCfg = Release|Any CPU
		{67AA11EC-AC72-410C-8362-7758506D6D4D}.Release|Any CPU.Build.0 = Release|Any CPU
		{F5C8423A-2472-4C20-8A54-68CE8AD6482A}.Debug|Any CPU.ActiveCfg = Debug|Any CPU
		{F5C8423A-2472-4C20-8A54-68CE8AD6482A}.Debug|Any CPU.Build.0 = Debug|Any CPU
		{F5C8423A-2472-4C20-8A54-68CE8AD6482A}.Release|Any CPU.ActiveCfg = Release|Any CPU
		{F5C8423A-2472-4C20-8A54-68CE8AD6482A}.Release|Any CPU.Build.0 = Release|Any CPU
		{89D76C95-588A-4891-A4F8-D2002E374F78}.Debug|Any CPU.ActiveCfg = Debug|Any CPU
		{89D76C95-588A-4891-A4F8-D2002E374F78}.Debug|Any CPU.Build.0 = Debug|Any CPU
		{89D76C95-588A-4891-A4F8-D2002E374F78}.Release|Any CPU.ActiveCfg = Release|Any CPU
		{89D76C95-588A-4891-A4F8-D2002E374F78}.Release|Any CPU.Build.0 = Release|Any CPU
		{A60C4FA6-A05D-40A8-A489-2651B832BE28}.Debug|Any CPU.ActiveCfg = Debug|Any CPU
		{A60C4FA6-A05D-40A8-A489-2651B832BE28}.Debug|Any CPU.Build.0 = Debug|Any CPU
		{A60C4FA6-A05D-40A8-A489-2651B832BE28}.Release|Any CPU.ActiveCfg = Release|Any CPU
		{A60C4FA6-A05D-40A8-A489-2651B832BE28}.Release|Any CPU.Build.0 = Release|Any CPU
		{01681399-F1F1-40F3-ACAB-CD43A22CB100}.Debug|Any CPU.ActiveCfg = Debug|Any CPU
		{01681399-F1F1-40F3-ACAB-CD43A22CB100}.Debug|Any CPU.Build.0 = Debug|Any CPU
		{01681399-F1F1-40F3-ACAB-CD43A22CB100}.Release|Any CPU.ActiveCfg = Release|Any CPU
		{01681399-F1F1-40F3-ACAB-CD43A22CB100}.Release|Any CPU.Build.0 = Release|Any CPU
	EndGlobalSection
	GlobalSection(SolutionProperties) = preSolution
		HideSolutionNode = FALSE
	EndGlobalSection
	GlobalSection(NestedProjects) = preSolution
		{2C4B524D-7BC2-46DB-AB39-E3689403532F} = {B7E16433-8A4D-4B3F-BBF7-F8368409CE5D}
		{B43147DC-680C-40F6-8112-AB6B27420848} = {246E7E9B-825B-4179-AD4A-203B8E4A90E7}
		{BC4E46F0-48C1-418C-8115-294045367164} = {246E7E9B-825B-4179-AD4A-203B8E4A90E7}
		{90C70255-C520-4C71-85BA-C8317CE289BB} = {EF03775F-9454-447B-87F5-428890F3FD67}
		{454A6500-A797-4B87-ADBF-052AC63C020E} = {0CF98E47-27EC-44D2-ACAE-0E4A824B115E}
		{6C396DDA-670E-44FE-BAF2-E8ECA03F9D3D} = {454A6500-A797-4B87-ADBF-052AC63C020E}
		{7D9A8BDB-70A0-4B09-BD97-7E70ADC27705} = {246E7E9B-825B-4179-AD4A-203B8E4A90E7}
		{711AE651-1768-4281-9F19-E5B1A08C2F7D} = {246E7E9B-825B-4179-AD4A-203B8E4A90E7}
		{67AA11EC-AC72-410C-8362-7758506D6D4D} = {246E7E9B-825B-4179-AD4A-203B8E4A90E7}
		{F5C8423A-2472-4C20-8A54-68CE8AD6482A} = {246E7E9B-825B-4179-AD4A-203B8E4A90E7}
		{C6748805-EDA6-4717-A826-583097675EC1} = {EF03775F-9454-447B-87F5-428890F3FD67}
		{89D76C95-588A-4891-A4F8-D2002E374F78} = {C6748805-EDA6-4717-A826-583097675EC1}
		{A60C4FA6-A05D-40A8-A489-2651B832BE28} = {2CA58000-23D8-434C-86D9-05DECE461819}
		{2CA58000-23D8-434C-86D9-05DECE461819} = {38DABB38-D200-459B-B95D-898C45072ACE}
		{0AC91455-1CB4-4AEA-B2BC-3D0A5F8B12D2} = {52C00E97-93E0-4495-A4D8-6DBE88A893D4}
		{01681399-F1F1-40F3-ACAB-CD43A22CB100} = {0AC91455-1CB4-4AEA-B2BC-3D0A5F8B12D2}
	EndGlobalSection
	GlobalSection(ExtensibilityGlobals) = postSolution
		SolutionGuid = {3ECD128E-D2DF-4CBD-B5C2-61B76698B594}
	EndGlobalSection
EndGlobal
