
Microsoft Visual Studio Solution File, Format Version 12.00
# Visual Studio Version 16
VisualStudioVersion = 16.0.32901.82
MinimumVisualStudioVersion = 10.0.40219.1
Project("{2150E333-8FDC-42A3-9474-1A3956D46DE8}") = "Netflix", "Netflix", "{B7E16433-8A4D-4B3F-BBF7-F8368409CE5D}"
EndProject
Project("{9A19103F-16F7-4668-BE54-9A1E7A4F7556}") = "GroupSimilarTitles", "GroupSimilarTitles\GroupSimilarTitles.csproj", "{2C4B524D-7BC2-46DB-AB39-E3689403532F}"
EndProject
Project("{2150E333-8FDC-42A3-9474-1A3956D46DE8}") = "Arrays", "Arrays", "{246E7E9B-825B-4179-AD4A-203B8E4A90E7}"
EndProject
Project("{9A19103F-16F7-4668-BE54-9A1E7A4F7556}") = "MergingTwoArrays", "MergingTwoArrays\MergingTwoArrays.csproj", "{B43147DC-680C-40F6-8112-AB6B27420848}"
EndProject
Project("{9A19103F-16F7-4668-BE54-9A1E7A4F7556}") = "RemoveEvenFromIntArray", "RemoveEvenFromIntArray\RemoveEvenFromIntArray.csproj", "{BC4E46F0-48C1-418C-8115-294045367164}"
EndProject
Project("{2150E333-8FDC-42A3-9474-1A3956D46DE8}") = "LinkedList", "LinkedList", "{EF03775F-9454-447B-87F5-428890F3FD67}"
EndProject
Project("{9A19103F-16F7-4668-BE54-9A1E7A4F7556}") = "LinkedListDemo", "LinkedListDemo\LinkedListDemo.csproj", "{90C70255-C520-4C71-85BA-C8317CE289BB}"
EndProject
Project("{2150E333-8FDC-42A3-9474-1A3956D46DE8}") = "Practice", "Practice", "{0CF98E47-27EC-44D2-ACAE-0E4A824B115E}"
EndProject
Project("{2150E333-8FDC-42A3-9474-1A3956D46DE8}") = "LinkedList", "LinkedList", "{454A6500-A797-4B87-ADBF-052AC63C020E}"
EndProject
Project("{9A19103F-16F7-4668-BE54-9A1E7A4F7556}") = "LinkedListDemo", "LisnkedListDemo\LinkedListDemo.csproj", "{6C396DDA-670E-44FE-BAF2-E8ECA03F9D3D}"
EndProject
Project("{9A19103F-16F7-4668-BE54-9A1E7A4F7556}") = "InsertAtPositionDemo", "InsertAtPositionDemo\InsertAtPositionDemo.csproj", "{7D9A8BDB-70A0-4B09-BD97-7E70ADC27705}"
EndProject
Project("{9A19103F-16F7-4668-BE54-9A1E7A4F7556}") = "SearchAnElementInArray", "SearchAnElementInArray\SearchAnElementInArray.csproj", "{711AE651-1768-4281-9F19-E5B1A08C2F7D}"
EndProject
Project("{9A19103F-16F7-4668-BE54-9A1E7A4F7556}") = "RemoveAnElementFromArray", "RemoveAnElementFromArray\RemoveAnElementFromArray.csproj", "{67AA11EC-AC72-410C-8362-7758506D6D4D}"
EndProject
Project("{9A19103F-16F7-4668-BE54-9A1E7A4F7556}") = "Utility", "Utility\Utility.csproj", "{F5C8423A-2472-4C20-8A54-68CE8AD6482A}"
EndProject
Project("{2150E333-8FDC-42A3-9474-1A3956D46DE8}") = "Log2Base", "Log2Base", "{C6748805-EDA6-4717-A826-583097675EC1}"
EndProject
Project("{9A19103F-16F7-4668-BE54-9A1E7A4F7556}") = "LinkedListConsole", "LinkedListConsole\LinkedListConsole.csproj", "{89D76C95-588A-4891-A4F8-D2002E374F78}"
EndProject
Project("{2150E333-8FDC-42A3-9474-1A3956D46DE8}") = "DoubleLinkedList", "DoubleLinkedList", "{38DABB38-D200-459B-B95D-898C45072ACE}"
EndProject
Project("{9A19103F-16F7-4668-BE54-9A1E7A4F7556}") = "DoublyLinkedListConsole", "DoublyLinkedListConsole\DoublyLinkedListConsole.csproj", "{A60C4FA6-A05D-40A8-A489-2651B832BE28}"
EndProject
Project("{2150E333-8FDC-42A3-9474-1A3956D46DE8}") = "Log2Base", "Log2Base", "{2CA58000-23D8-434C-86D9-05DECE461819}"
EndProject
Project("{2150E333-8FDC-42A3-9474-1A3956D46DE8}") = "CircualrLinkedList", "CircualrLinkedList", "{52C00E97-93E0-4495-A4D8-6DBE88A893D4}"
EndProject
Project("{2150E333-8FDC-42A3-9474-1A3956D46DE8}") = "Log2Base", "Log2Base", "{0AC91455-1CB4-4AEA-B2BC-3D0A5F8B12D2}"
EndProject
Project("{9A19103F-16F7-4668-BE54-9A1E7A4F7556}") = "CircularLinkedListConsole", "CircularLinkedListConsole\CircularLinkedListConsole.csproj", "{01681399-F1F1-40F3-ACAB-CD43A22CB100}"
EndProject
Project("{2150E333-8FDC-42A3-9474-1A3956D46DE8}") = "Stack", "Stack", "{B77BDC35-87BF-44ED-A26F-73BC36200B76}"
EndProject
Project("{2150E333-8FDC-42A3-9474-1A3956D46DE8}") = "Log2Base", "Log2Base", "{BC711DCF-ABB6-464D-AA22-B63D17B83E85}"
EndProject
Project("{9A19103F-16F7-4668-BE54-9A1E7A4F7556}") = "StackImplentation", "StackImplentation\StackImplentation.csproj", "{C37030B9-FEBE-456D-84D5-AF73E013617C}"
EndProject
Project("{2150E333-8FDC-42A3-9474-1A3956D46DE8}") = "Queue", "Queue", "{6C767AD8-E0F0-4B26-B96E-C4A767EF1FD6}"
EndProject
Project("{2150E333-8FDC-42A3-9474-1A3956D46DE8}") = "Log2Base", "Log2Base", "{DB7EDD3E-1608-4CD2-95D8-A1884246D179}"
EndProject
Project("{9A19103F-16F7-4668-BE54-9A1E7A4F7556}") = "QueueImplementation", "QueueImplementation\QueueImplementation.csproj", "{7480A61D-5188-4451-88DE-1A8D15462FD1}"
EndProject
Project("{2150E333-8FDC-42A3-9474-1A3956D46DE8}") = "BinaryTree", "BinaryTree", "{21EB2B49-BA0F-4036-A4F5-8AB4B9D0D948}"
EndProject
Project("{2150E333-8FDC-42A3-9474-1A3956D46DE8}") = "Log2Base", "Log2Base", "{5916DF6E-AE72-427E-A833-7590D387CE44}"
EndProject
Project("{9A19103F-16F7-4668-BE54-9A1E7A4F7556}") = "BinaryTreeImplementation", "BinaryTreeImplementation\BinaryTreeImplementation.csproj", "{6EE34E12-8385-4F2E-AE35-BCA4B0000E14}"
EndProject
Project("{2150E333-8FDC-42A3-9474-1A3956D46DE8}") = "Leetcode45", "Leetcode45", "{B83BC454-C763-490D-8452-E3769CE5BBD4}"
EndProject
Project("{9A19103F-16F7-4668-BE54-9A1E7A4F7556}") = "FindPivotIndex", "FindPivotIndex\FindPivotIndex.csproj", "{9D8BB428-CB1B-46FE-BF07-3E3D87BB4DE1}"
EndProject
Project("{9A19103F-16F7-4668-BE54-9A1E7A4F7556}") = "FetchTopMovies", "FetchTopMovies\FetchTopMovies.csproj", "{29A8D8F6-0CFF-4C8B-9762-5A80CA4BC33F}"
EndProject
Project("{9A19103F-16F7-4668-BE54-9A1E7A4F7556}") = "TwoSum1", "TwoSum1\TwoSum1.csproj", "{774375D0-A09B-4093-BC1A-B55ED96D7B78}"
EndProject
Project("{9A19103F-16F7-4668-BE54-9A1E7A4F7556}") = "NumberIsAPalindrome", "NumberIsAPalindrome\NumberIsAPalindrome.csproj", "{B906F6F4-EF99-4535-82B0-9D7DE2C4448B}"
EndProject
Project("{9A19103F-16F7-4668-BE54-9A1E7A4F7556}") = "AddTwoNumbers", "AddTwoNumbers\AddTwoNumbers.csproj", "{0F4D4C3E-8B73-4606-A8B4-7FE9CE27430C}"
EndProject
Project("{9A19103F-16F7-4668-BE54-9A1E7A4F7556}") = "ReverseOfAnInteger", "ReverseOfAnInteger\ReverseOfAnInteger.csproj", "{B8A49CF8-9581-4004-8C4C-66AB5B9D65D2}"
EndProject
Project("{9A19103F-16F7-4668-BE54-9A1E7A4F7556}") = "RemoveElement", "RemoveElement\RemoveElement.csproj", "{9AAEE5BA-0696-4AFC-B0E8-7E610891B87D}"
EndProject
Project("{9A19103F-16F7-4668-BE54-9A1E7A4F7556}") = "RemoveDuplicateFromSortedArray26", "RemoveDuplicateFromSortedArray26\RemoveDuplicateFromSortedArray26.csproj", "{669F8DE5-AC4C-4E14-854C-162B9E1208F8}"
EndProject
Project("{9A19103F-16F7-4668-BE54-9A1E7A4F7556}") = "ValidParentheses20", "ValidParentheses20\ValidParentheses20.csproj", "{42D0FF8E-D80D-4C23-90C9-9953702F2991}"
EndProject
Project("{9A19103F-16F7-4668-BE54-9A1E7A4F7556}") = "LetterCombinationsOfAPhoneNumber17", "LetterCombinationsOfAPhoneNumber17\LetterCombinationsOfAPhoneNumber17.csproj", "{DDA35D17-973A-4621-8997-5A98EB8B3C30}"
EndProject
Project("{9A19103F-16F7-4668-BE54-9A1E7A4F7556}") = "RomanToInteger13", "RomanToInteger13\RomanToInteger13.csproj", "{6240DD86-73A3-429F-AA34-CBD974CAA08D}"
EndProject
Project("{9A19103F-16F7-4668-BE54-9A1E7A4F7556}") = "LengthofLastWord58", "LengthofLastWord58\LengthofLastWord58.csproj", "{4E074812-7867-401C-AC33-78FBCE2D1593}"
EndProject
Project("{2150E333-8FDC-42A3-9474-1A3956D46DE8}") = "Educative", "Educative", "{187E1905-E5B4-425B-B0A4-A4327C2707A2}"
EndProject
Project("{2150E333-8FDC-42A3-9474-1A3956D46DE8}") = "PatternsProblems", "PatternsProblems", "{51A9C5DB-7268-4FC0-A387-CF390AC1DB2B}"
EndProject
Project("{2150E333-8FDC-42A3-9474-1A3956D46DE8}") = "SlidingWindowProblems", "SlidingWindowProblems", "{2E6C4CA0-3128-4593-886E-8C028E0C640A}"
EndProject
Project("{9A19103F-16F7-4668-BE54-9A1E7A4F7556}") = "MaximumAverageSubArray643", "643\MaximumAverageSubArray643.csproj", "{4A1DBC6E-F77E-4F69-8F25-D9A9D8CAA739}"
EndProject
Project("{9A19103F-16F7-4668-BE54-9A1E7A4F7556}") = "FirstSubsequenceOfLengthK2099", "FirstSubsequenceOfLengthK2099\FirstSubsequenceOfLengthK2099.csproj", "{431DFD1B-8101-4566-B581-1FF57AFDDDC5}"
EndProject
Project("{9A19103F-16F7-4668-BE54-9A1E7A4F7556}") = "MoveZerosToEnd283", "MoveZerosToEnd\MoveZerosToEnd283.csproj", "{37F8F576-5EA4-4BB5-A05C-B125D85500C5}"
EndProject
Project("{2150E333-8FDC-42A3-9474-1A3956D46DE8}") = "TakeYouForward", "TakeYouForward", "{DE038FB5-127E-4003-99DE-AC05CDC4CA63}"
EndProject
Project("{2150E333-8FDC-42A3-9474-1A3956D46DE8}") = "Sorting", "Sorting", "{176BD2E7-75C3-4883-8EB6-45BD4B367DAC}"
EndProject
Project("{9A19103F-16F7-4668-BE54-9A1E7A4F7556}") = "Sorting", "SelectionSort\Sorting.csproj", "{F7E96138-E959-4872-BBA2-124E76529CF2}"
EndProject
Project("{9A19103F-16F7-4668-BE54-9A1E7A4F7556}") = "MergeTwoSortedLists21", "MergeTwoSortedLists21\MergeTwoSortedLists21.csproj", "{F081ABE5-C8B4-4EC2-AD76-22AC644471E9}"
EndProject
Project("{9A19103F-16F7-4668-BE54-9A1E7A4F7556}") = "LongestCommonPrefix14", "LongestCommonPrefix14\LongestCommonPrefix14.csproj", "{B2526CB6-9F84-4071-8AB4-004D35F086DB}"
EndProject
Project("{9A19103F-16F7-4668-BE54-9A1E7A4F7556}") = "SearchInsertPosition35", "SearchInsertPosition35\SearchInsertPosition35.csproj", "{F9009451-589C-4873-BADE-A8251221F6B7}"
EndProject
Project("{9A19103F-16F7-4668-BE54-9A1E7A4F7556}") = "DSAlgo.Tests", "DSAlgo.Tests\DSAlgo.Tests.csproj", "{743055B5-98F5-4F9D-82F6-91AC352608ED}"
EndProject
Project("{2150E333-8FDC-42A3-9474-1A3956D46DE8}") = "XOR", "XOR", "{F22CED9F-BCCF-4446-B972-BFE5CFCC411A}"
EndProject
Project("{9A19103F-16F7-4668-BE54-9A1E7A4F7556}") = "FindMissingNumberInArray", "FindMissingNumberInArray\FindMissingNumberInArray.csproj", "{F41DFC00-119C-46FA-B2B1-DC00510D1625}"
EndProject
Project("{9A19103F-16F7-4668-BE54-9A1E7A4F7556}") = "SingleNumber", "SingleNumber\SingleNumber.csproj", "{EB0C7046-B29D-4C57-AA72-388C3F21F0C9}"
EndProject
Project("{9A19103F-16F7-4668-BE54-9A1E7A4F7556}") = "TwoSingleNumbers", "TwoSingleNumbers\TwoSingleNumbers.csproj", "{8EF473BE-E403-4B31-BE59-3EAB5EA3DD85}"
EndProject
Project("{9A19103F-16F7-4668-BE54-9A1E7A4F7556}") = "ComplementOfBase10", "ComplementOfBase10\ComplementOfBase10.csproj", "{6D4CD750-6AA9-48B1-B5AA-8BC50D37EB8E}"
EndProject
Project("{2150E333-8FDC-42A3-9474-1A3956D46DE8}") = "Educative", "Educative", "{26F452AA-F8A6-4250-B007-559BA70AC11B}"
EndProject
Project("{9A19103F-16F7-4668-BE54-9A1E7A4F7556}") = "BinarySearchTree", "BinarySearchTree\BinarySearchTree.csproj", "{2F4D8458-8095-4DE6-8630-C93E146CFC4E}"
EndProject
Project("{2150E333-8FDC-42A3-9474-1A3956D46DE8}") = "Recursion", "Recursion", "{ACE7D21B-A6DC-4118-9364-8688BF5F050D}"
EndProject
Project("{9A19103F-16F7-4668-BE54-9A1E7A4F7556}") = "RecursionHelper", "RecursionHelper\RecursionHelper.csproj", "{4FF2FF1E-8A9A-4E3C-890B-C2BC1E8DE712}"
EndProject
Project("{9A19103F-16F7-4668-BE54-9A1E7A4F7556}") = "Repeated Substring Pattern459.", "Repeated Substring Pattern459\Repeated Substring Pattern459..csproj", "{62621083-98AE-48B9-9453-D43F54012829}"
EndProject
Project("{2150E333-8FDC-42A3-9474-1A3956D46DE8}") = "Two Pointers", "Two Pointers", "{F08A1873-9D22-49D3-BE45-0D47179B7B88}"
EndProject
Project("{9A19103F-16F7-4668-BE54-9A1E7A4F7556}") = "PairWithTargetSum", "PairWithTargetSum\PairWithTargetSum.csproj", "{8E88DA96-E722-4666-B406-4FBB467A603B}"
EndProject
Project("{9A19103F-16F7-4668-BE54-9A1E7A4F7556}") = "RemoveDuplicates", "RemoveDuplicates\RemoveDuplicates.csproj", "{9F174DBB-43E8-47E9-9381-0313E03D2166}"
EndProject
Project("{9A19103F-16F7-4668-BE54-9A1E7A4F7556}") = "RemoveAllInstancesOfAKey", "RemoveAllInstancesOfAKey\RemoveAllInstancesOfAKey.csproj", "{876F6221-D1D8-40BE-83FF-A2FBCB230F79}"
EndProject
Project("{9A19103F-16F7-4668-BE54-9A1E7A4F7556}") = "FindSquaresOFASorrtedArray", "FindSquaresOFASorrtedArray\FindSquaresOFASorrtedArray.csproj", "{404B876C-FE8E-4274-9032-BC55E744D5ED}"
EndProject
Project("{9A19103F-16F7-4668-BE54-9A1E7A4F7556}") = "FlipAMatrix", "FlipAMatrix\FlipAMatrix.csproj", "{8144387E-4027-46A4-8772-DF3C03187E1F}"
EndProject
Project("{FAE04EC0-301F-11D3-BF4B-00C04F79EFBC}") = "TripletSumToZero", "TripletSumToZero\TripletSumToZero.csproj", "{7EF322D2-2048-4995-BB08-119C8DE78C4F}"
EndProject
Global
	GlobalSection(SolutionConfigurationPlatforms) = preSolution
		Debug|Any CPU = Debug|Any CPU
		Release|Any CPU = Release|Any CPU
	EndGlobalSection
	GlobalSection(ProjectConfigurationPlatforms) = postSolution
		{2C4B524D-7BC2-46DB-AB39-E3689403532F}.Debug|Any CPU.ActiveCfg = Debug|Any CPU
		{2C4B524D-7BC2-46DB-AB39-E3689403532F}.Debug|Any CPU.Build.0 = Debug|Any CPU
		{2C4B524D-7BC2-46DB-AB39-E3689403532F}.Release|Any CPU.ActiveCfg = Release|Any CPU
		{2C4B524D-7BC2-46DB-AB39-E3689403532F}.Release|Any CPU.Build.0 = Release|Any CPU
		{B43147DC-680C-40F6-8112-AB6B27420848}.Debug|Any CPU.ActiveCfg = Debug|Any CPU
		{B43147DC-680C-40F6-8112-AB6B27420848}.Debug|Any CPU.Build.0 = Debug|Any CPU
		{B43147DC-680C-40F6-8112-AB6B27420848}.Release|Any CPU.ActiveCfg = Release|Any CPU
		{B43147DC-680C-40F6-8112-AB6B27420848}.Release|Any CPU.Build.0 = Release|Any CPU
		{BC4E46F0-48C1-418C-8115-294045367164}.Debug|Any CPU.ActiveCfg = Debug|Any CPU
		{BC4E46F0-48C1-418C-8115-294045367164}.Debug|Any CPU.Build.0 = Debug|Any CPU
		{BC4E46F0-48C1-418C-8115-294045367164}.Release|Any CPU.ActiveCfg = Release|Any CPU
		{BC4E46F0-48C1-418C-8115-294045367164}.Release|Any CPU.Build.0 = Release|Any CPU
		{90C70255-C520-4C71-85BA-C8317CE289BB}.Debug|Any CPU.ActiveCfg = Debug|Any CPU
		{90C70255-C520-4C71-85BA-C8317CE289BB}.Debug|Any CPU.Build.0 = Debug|Any CPU
		{90C70255-C520-4C71-85BA-C8317CE289BB}.Release|Any CPU.ActiveCfg = Release|Any CPU
		{90C70255-C520-4C71-85BA-C8317CE289BB}.Release|Any CPU.Build.0 = Release|Any CPU
		{6C396DDA-670E-44FE-BAF2-E8ECA03F9D3D}.Debug|Any CPU.ActiveCfg = Debug|Any CPU
		{6C396DDA-670E-44FE-BAF2-E8ECA03F9D3D}.Debug|Any CPU.Build.0 = Debug|Any CPU
		{6C396DDA-670E-44FE-BAF2-E8ECA03F9D3D}.Release|Any CPU.ActiveCfg = Release|Any CPU
		{6C396DDA-670E-44FE-BAF2-E8ECA03F9D3D}.Release|Any CPU.Build.0 = Release|Any CPU
		{7D9A8BDB-70A0-4B09-BD97-7E70ADC27705}.Debug|Any CPU.ActiveCfg = Debug|Any CPU
		{7D9A8BDB-70A0-4B09-BD97-7E70ADC27705}.Debug|Any CPU.Build.0 = Debug|Any CPU
		{7D9A8BDB-70A0-4B09-BD97-7E70ADC27705}.Release|Any CPU.ActiveCfg = Release|Any CPU
		{7D9A8BDB-70A0-4B09-BD97-7E70ADC27705}.Release|Any CPU.Build.0 = Release|Any CPU
		{711AE651-1768-4281-9F19-E5B1A08C2F7D}.Debug|Any CPU.ActiveCfg = Debug|Any CPU
		{711AE651-1768-4281-9F19-E5B1A08C2F7D}.Debug|Any CPU.Build.0 = Debug|Any CPU
		{711AE651-1768-4281-9F19-E5B1A08C2F7D}.Release|Any CPU.ActiveCfg = Release|Any CPU
		{711AE651-1768-4281-9F19-E5B1A08C2F7D}.Release|Any CPU.Build.0 = Release|Any CPU
		{67AA11EC-AC72-410C-8362-7758506D6D4D}.Debug|Any CPU.ActiveCfg = Debug|Any CPU
		{67AA11EC-AC72-410C-8362-7758506D6D4D}.Debug|Any CPU.Build.0 = Debug|Any CPU
		{67AA11EC-AC72-410C-8362-7758506D6D4D}.Release|Any CPU.ActiveCfg = Release|Any CPU
		{67AA11EC-AC72-410C-8362-7758506D6D4D}.Release|Any CPU.Build.0 = Release|Any CPU
		{F5C8423A-2472-4C20-8A54-68CE8AD6482A}.Debug|Any CPU.ActiveCfg = Debug|Any CPU
		{F5C8423A-2472-4C20-8A54-68CE8AD6482A}.Debug|Any CPU.Build.0 = Debug|Any CPU
		{F5C8423A-2472-4C20-8A54-68CE8AD6482A}.Release|Any CPU.ActiveCfg = Release|Any CPU
		{F5C8423A-2472-4C20-8A54-68CE8AD6482A}.Release|Any CPU.Build.0 = Release|Any CPU
		{89D76C95-588A-4891-A4F8-D2002E374F78}.Debug|Any CPU.ActiveCfg = Debug|Any CPU
		{89D76C95-588A-4891-A4F8-D2002E374F78}.Debug|Any CPU.Build.0 = Debug|Any CPU
		{89D76C95-588A-4891-A4F8-D2002E374F78}.Release|Any CPU.ActiveCfg = Release|Any CPU
		{89D76C95-588A-4891-A4F8-D2002E374F78}.Release|Any CPU.Build.0 = Release|Any CPU
		{A60C4FA6-A05D-40A8-A489-2651B832BE28}.Debug|Any CPU.ActiveCfg = Debug|Any CPU
		{A60C4FA6-A05D-40A8-A489-2651B832BE28}.Debug|Any CPU.Build.0 = Debug|Any CPU
		{A60C4FA6-A05D-40A8-A489-2651B832BE28}.Release|Any CPU.ActiveCfg = Release|Any CPU
		{A60C4FA6-A05D-40A8-A489-2651B832BE28}.Release|Any CPU.Build.0 = Release|Any CPU
		{01681399-F1F1-40F3-ACAB-CD43A22CB100}.Debug|Any CPU.ActiveCfg = Debug|Any CPU
		{01681399-F1F1-40F3-ACAB-CD43A22CB100}.Debug|Any CPU.Build.0 = Debug|Any CPU
		{01681399-F1F1-40F3-ACAB-CD43A22CB100}.Release|Any CPU.ActiveCfg = Release|Any CPU
		{01681399-F1F1-40F3-ACAB-CD43A22CB100}.Release|Any CPU.Build.0 = Release|Any CPU
		{C37030B9-FEBE-456D-84D5-AF73E013617C}.Debug|Any CPU.ActiveCfg = Debug|Any CPU
		{C37030B9-FEBE-456D-84D5-AF73E013617C}.Debug|Any CPU.Build.0 = Debug|Any CPU
		{C37030B9-FEBE-456D-84D5-AF73E013617C}.Release|Any CPU.ActiveCfg = Release|Any CPU
		{C37030B9-FEBE-456D-84D5-AF73E013617C}.Release|Any CPU.Build.0 = Release|Any CPU
		{7480A61D-5188-4451-88DE-1A8D15462FD1}.Debug|Any CPU.ActiveCfg = Debug|Any CPU
		{7480A61D-5188-4451-88DE-1A8D15462FD1}.Debug|Any CPU.Build.0 = Debug|Any CPU
		{7480A61D-5188-4451-88DE-1A8D15462FD1}.Release|Any CPU.ActiveCfg = Release|Any CPU
		{7480A61D-5188-4451-88DE-1A8D15462FD1}.Release|Any CPU.Build.0 = Release|Any CPU
		{6EE34E12-8385-4F2E-AE35-BCA4B0000E14}.Debug|Any CPU.ActiveCfg = Debug|Any CPU
		{6EE34E12-8385-4F2E-AE35-BCA4B0000E14}.Debug|Any CPU.Build.0 = Debug|Any CPU
		{6EE34E12-8385-4F2E-AE35-BCA4B0000E14}.Release|Any CPU.ActiveCfg = Release|Any CPU
		{6EE34E12-8385-4F2E-AE35-BCA4B0000E14}.Release|Any CPU.Build.0 = Release|Any CPU
		{9D8BB428-CB1B-46FE-BF07-3E3D87BB4DE1}.Debug|Any CPU.ActiveCfg = Debug|Any CPU
		{9D8BB428-CB1B-46FE-BF07-3E3D87BB4DE1}.Debug|Any CPU.Build.0 = Debug|Any CPU
		{9D8BB428-CB1B-46FE-BF07-3E3D87BB4DE1}.Release|Any CPU.ActiveCfg = Release|Any CPU
		{9D8BB428-CB1B-46FE-BF07-3E3D87BB4DE1}.Release|Any CPU.Build.0 = Release|Any CPU
		{29A8D8F6-0CFF-4C8B-9762-5A80CA4BC33F}.Debug|Any CPU.ActiveCfg = Debug|Any CPU
		{29A8D8F6-0CFF-4C8B-9762-5A80CA4BC33F}.Debug|Any CPU.Build.0 = Debug|Any CPU
		{29A8D8F6-0CFF-4C8B-9762-5A80CA4BC33F}.Release|Any CPU.ActiveCfg = Release|Any CPU
		{29A8D8F6-0CFF-4C8B-9762-5A80CA4BC33F}.Release|Any CPU.Build.0 = Release|Any CPU
		{774375D0-A09B-4093-BC1A-B55ED96D7B78}.Debug|Any CPU.ActiveCfg = Debug|Any CPU
		{774375D0-A09B-4093-BC1A-B55ED96D7B78}.Debug|Any CPU.Build.0 = Debug|Any CPU
		{774375D0-A09B-4093-BC1A-B55ED96D7B78}.Release|Any CPU.ActiveCfg = Release|Any CPU
		{774375D0-A09B-4093-BC1A-B55ED96D7B78}.Release|Any CPU.Build.0 = Release|Any CPU
		{B906F6F4-EF99-4535-82B0-9D7DE2C4448B}.Debug|Any CPU.ActiveCfg = Debug|Any CPU
		{B906F6F4-EF99-4535-82B0-9D7DE2C4448B}.Debug|Any CPU.Build.0 = Debug|Any CPU
		{B906F6F4-EF99-4535-82B0-9D7DE2C4448B}.Release|Any CPU.ActiveCfg = Release|Any CPU
		{B906F6F4-EF99-4535-82B0-9D7DE2C4448B}.Release|Any CPU.Build.0 = Release|Any CPU
		{0F4D4C3E-8B73-4606-A8B4-7FE9CE27430C}.Debug|Any CPU.ActiveCfg = Debug|Any CPU
		{0F4D4C3E-8B73-4606-A8B4-7FE9CE27430C}.Debug|Any CPU.Build.0 = Debug|Any CPU
		{0F4D4C3E-8B73-4606-A8B4-7FE9CE27430C}.Release|Any CPU.ActiveCfg = Release|Any CPU
		{0F4D4C3E-8B73-4606-A8B4-7FE9CE27430C}.Release|Any CPU.Build.0 = Release|Any CPU
		{B8A49CF8-9581-4004-8C4C-66AB5B9D65D2}.Debug|Any CPU.ActiveCfg = Debug|Any CPU
		{B8A49CF8-9581-4004-8C4C-66AB5B9D65D2}.Debug|Any CPU.Build.0 = Debug|Any CPU
		{B8A49CF8-9581-4004-8C4C-66AB5B9D65D2}.Release|Any CPU.ActiveCfg = Release|Any CPU
		{B8A49CF8-9581-4004-8C4C-66AB5B9D65D2}.Release|Any CPU.Build.0 = Release|Any CPU
		{9AAEE5BA-0696-4AFC-B0E8-7E610891B87D}.Debug|Any CPU.ActiveCfg = Debug|Any CPU
		{9AAEE5BA-0696-4AFC-B0E8-7E610891B87D}.Debug|Any CPU.Build.0 = Debug|Any CPU
		{9AAEE5BA-0696-4AFC-B0E8-7E610891B87D}.Release|Any CPU.ActiveCfg = Release|Any CPU
		{9AAEE5BA-0696-4AFC-B0E8-7E610891B87D}.Release|Any CPU.Build.0 = Release|Any CPU
		{669F8DE5-AC4C-4E14-854C-162B9E1208F8}.Debug|Any CPU.ActiveCfg = Debug|Any CPU
		{669F8DE5-AC4C-4E14-854C-162B9E1208F8}.Debug|Any CPU.Build.0 = Debug|Any CPU
		{669F8DE5-AC4C-4E14-854C-162B9E1208F8}.Release|Any CPU.ActiveCfg = Release|Any CPU
		{669F8DE5-AC4C-4E14-854C-162B9E1208F8}.Release|Any CPU.Build.0 = Release|Any CPU
		{42D0FF8E-D80D-4C23-90C9-9953702F2991}.Debug|Any CPU.ActiveCfg = Debug|Any CPU
		{42D0FF8E-D80D-4C23-90C9-9953702F2991}.Debug|Any CPU.Build.0 = Debug|Any CPU
		{42D0FF8E-D80D-4C23-90C9-9953702F2991}.Release|Any CPU.ActiveCfg = Release|Any CPU
		{42D0FF8E-D80D-4C23-90C9-9953702F2991}.Release|Any CPU.Build.0 = Release|Any CPU
		{DDA35D17-973A-4621-8997-5A98EB8B3C30}.Debug|Any CPU.ActiveCfg = Debug|Any CPU
		{DDA35D17-973A-4621-8997-5A98EB8B3C30}.Debug|Any CPU.Build.0 = Debug|Any CPU
		{DDA35D17-973A-4621-8997-5A98EB8B3C30}.Release|Any CPU.ActiveCfg = Release|Any CPU
		{DDA35D17-973A-4621-8997-5A98EB8B3C30}.Release|Any CPU.Build.0 = Release|Any CPU
		{6240DD86-73A3-429F-AA34-CBD974CAA08D}.Debug|Any CPU.ActiveCfg = Debug|Any CPU
		{6240DD86-73A3-429F-AA34-CBD974CAA08D}.Debug|Any CPU.Build.0 = Debug|Any CPU
		{6240DD86-73A3-429F-AA34-CBD974CAA08D}.Release|Any CPU.ActiveCfg = Release|Any CPU
		{6240DD86-73A3-429F-AA34-CBD974CAA08D}.Release|Any CPU.Build.0 = Release|Any CPU
		{4E074812-7867-401C-AC33-78FBCE2D1593}.Debug|Any CPU.ActiveCfg = Debug|Any CPU
		{4E074812-7867-401C-AC33-78FBCE2D1593}.Debug|Any CPU.Build.0 = Debug|Any CPU
		{4E074812-7867-401C-AC33-78FBCE2D1593}.Release|Any CPU.ActiveCfg = Release|Any CPU
		{4E074812-7867-401C-AC33-78FBCE2D1593}.Release|Any CPU.Build.0 = Release|Any CPU
		{4A1DBC6E-F77E-4F69-8F25-D9A9D8CAA739}.Debug|Any CPU.ActiveCfg = Debug|Any CPU
		{4A1DBC6E-F77E-4F69-8F25-D9A9D8CAA739}.Debug|Any CPU.Build.0 = Debug|Any CPU
		{4A1DBC6E-F77E-4F69-8F25-D9A9D8CAA739}.Release|Any CPU.ActiveCfg = Release|Any CPU
		{4A1DBC6E-F77E-4F69-8F25-D9A9D8CAA739}.Release|Any CPU.Build.0 = Release|Any CPU
		{431DFD1B-8101-4566-B581-1FF57AFDDDC5}.Debug|Any CPU.ActiveCfg = Debug|Any CPU
		{431DFD1B-8101-4566-B581-1FF57AFDDDC5}.Debug|Any CPU.Build.0 = Debug|Any CPU
		{431DFD1B-8101-4566-B581-1FF57AFDDDC5}.Release|Any CPU.ActiveCfg = Release|Any CPU
		{431DFD1B-8101-4566-B581-1FF57AFDDDC5}.Release|Any CPU.Build.0 = Release|Any CPU
		{37F8F576-5EA4-4BB5-A05C-B125D85500C5}.Debug|Any CPU.ActiveCfg = Debug|Any CPU
		{37F8F576-5EA4-4BB5-A05C-B125D85500C5}.Debug|Any CPU.Build.0 = Debug|Any CPU
		{37F8F576-5EA4-4BB5-A05C-B125D85500C5}.Release|Any CPU.ActiveCfg = Release|Any CPU
		{37F8F576-5EA4-4BB5-A05C-B125D85500C5}.Release|Any CPU.Build.0 = Release|Any CPU
		{F7E96138-E959-4872-BBA2-124E76529CF2}.Debug|Any CPU.ActiveCfg = Debug|Any CPU
		{F7E96138-E959-4872-BBA2-124E76529CF2}.Debug|Any CPU.Build.0 = Debug|Any CPU
		{F7E96138-E959-4872-BBA2-124E76529CF2}.Release|Any CPU.ActiveCfg = Release|Any CPU
		{F7E96138-E959-4872-BBA2-124E76529CF2}.Release|Any CPU.Build.0 = Release|Any CPU
		{F081ABE5-C8B4-4EC2-AD76-22AC644471E9}.Debug|Any CPU.ActiveCfg = Debug|Any CPU
		{F081ABE5-C8B4-4EC2-AD76-22AC644471E9}.Debug|Any CPU.Build.0 = Debug|Any CPU
		{F081ABE5-C8B4-4EC2-AD76-22AC644471E9}.Release|Any CPU.ActiveCfg = Release|Any CPU
		{F081ABE5-C8B4-4EC2-AD76-22AC644471E9}.Release|Any CPU.Build.0 = Release|Any CPU
		{B2526CB6-9F84-4071-8AB4-004D35F086DB}.Debug|Any CPU.ActiveCfg = Debug|Any CPU
		{B2526CB6-9F84-4071-8AB4-004D35F086DB}.Debug|Any CPU.Build.0 = Debug|Any CPU
		{B2526CB6-9F84-4071-8AB4-004D35F086DB}.Release|Any CPU.ActiveCfg = Release|Any CPU
		{B2526CB6-9F84-4071-8AB4-004D35F086DB}.Release|Any CPU.Build.0 = Release|Any CPU
		{F9009451-589C-4873-BADE-A8251221F6B7}.Debug|Any CPU.ActiveCfg = Debug|Any CPU
		{F9009451-589C-4873-BADE-A8251221F6B7}.Debug|Any CPU.Build.0 = Debug|Any CPU
		{F9009451-589C-4873-BADE-A8251221F6B7}.Release|Any CPU.ActiveCfg = Release|Any CPU
		{F9009451-589C-4873-BADE-A8251221F6B7}.Release|Any CPU.Build.0 = Release|Any CPU
		{743055B5-98F5-4F9D-82F6-91AC352608ED}.Debug|Any CPU.ActiveCfg = Debug|Any CPU
		{743055B5-98F5-4F9D-82F6-91AC352608ED}.Debug|Any CPU.Build.0 = Debug|Any CPU
		{743055B5-98F5-4F9D-82F6-91AC352608ED}.Release|Any CPU.ActiveCfg = Release|Any CPU
		{743055B5-98F5-4F9D-82F6-91AC352608ED}.Release|Any CPU.Build.0 = Release|Any CPU
		{F41DFC00-119C-46FA-B2B1-DC00510D1625}.Debug|Any CPU.ActiveCfg = Debug|Any CPU
		{F41DFC00-119C-46FA-B2B1-DC00510D1625}.Debug|Any CPU.Build.0 = Debug|Any CPU
		{F41DFC00-119C-46FA-B2B1-DC00510D1625}.Release|Any CPU.ActiveCfg = Release|Any CPU
		{F41DFC00-119C-46FA-B2B1-DC00510D1625}.Release|Any CPU.Build.0 = Release|Any CPU
		{EB0C7046-B29D-4C57-AA72-388C3F21F0C9}.Debug|Any CPU.ActiveCfg = Debug|Any CPU
		{EB0C7046-B29D-4C57-AA72-388C3F21F0C9}.Debug|Any CPU.Build.0 = Debug|Any CPU
		{EB0C7046-B29D-4C57-AA72-388C3F21F0C9}.Release|Any CPU.ActiveCfg = Release|Any CPU
		{EB0C7046-B29D-4C57-AA72-388C3F21F0C9}.Release|Any CPU.Build.0 = Release|Any CPU
		{8EF473BE-E403-4B31-BE59-3EAB5EA3DD85}.Debug|Any CPU.ActiveCfg = Debug|Any CPU
		{8EF473BE-E403-4B31-BE59-3EAB5EA3DD85}.Debug|Any CPU.Build.0 = Debug|Any CPU
		{8EF473BE-E403-4B31-BE59-3EAB5EA3DD85}.Release|Any CPU.ActiveCfg = Release|Any CPU
		{8EF473BE-E403-4B31-BE59-3EAB5EA3DD85}.Release|Any CPU.Build.0 = Release|Any CPU
		{6D4CD750-6AA9-48B1-B5AA-8BC50D37EB8E}.Debug|Any CPU.ActiveCfg = Debug|Any CPU
		{6D4CD750-6AA9-48B1-B5AA-8BC50D37EB8E}.Debug|Any CPU.Build.0 = Debug|Any CPU
		{6D4CD750-6AA9-48B1-B5AA-8BC50D37EB8E}.Release|Any CPU.ActiveCfg = Release|Any CPU
		{6D4CD750-6AA9-48B1-B5AA-8BC50D37EB8E}.Release|Any CPU.Build.0 = Release|Any CPU
		{2F4D8458-8095-4DE6-8630-C93E146CFC4E}.Debug|Any CPU.ActiveCfg = Debug|Any CPU
		{2F4D8458-8095-4DE6-8630-C93E146CFC4E}.Debug|Any CPU.Build.0 = Debug|Any CPU
		{2F4D8458-8095-4DE6-8630-C93E146CFC4E}.Release|Any CPU.ActiveCfg = Release|Any CPU
		{2F4D8458-8095-4DE6-8630-C93E146CFC4E}.Release|Any CPU.Build.0 = Release|Any CPU
		{4FF2FF1E-8A9A-4E3C-890B-C2BC1E8DE712}.Debug|Any CPU.ActiveCfg = Debug|Any CPU
		{4FF2FF1E-8A9A-4E3C-890B-C2BC1E8DE712}.Debug|Any CPU.Build.0 = Debug|Any CPU
		{4FF2FF1E-8A9A-4E3C-890B-C2BC1E8DE712}.Release|Any CPU.ActiveCfg = Release|Any CPU
		{4FF2FF1E-8A9A-4E3C-890B-C2BC1E8DE712}.Release|Any CPU.Build.0 = Release|Any CPU
		{62621083-98AE-48B9-9453-D43F54012829}.Debug|Any CPU.ActiveCfg = Debug|Any CPU
		{62621083-98AE-48B9-9453-D43F54012829}.Debug|Any CPU.Build.0 = Debug|Any CPU
		{62621083-98AE-48B9-9453-D43F54012829}.Release|Any CPU.ActiveCfg = Release|Any CPU
		{62621083-98AE-48B9-9453-D43F54012829}.Release|Any CPU.Build.0 = Release|Any CPU
		{8E88DA96-E722-4666-B406-4FBB467A603B}.Debug|Any CPU.ActiveCfg = Debug|Any CPU
		{8E88DA96-E722-4666-B406-4FBB467A603B}.Debug|Any CPU.Build.0 = Debug|Any CPU
		{8E88DA96-E722-4666-B406-4FBB467A603B}.Release|Any CPU.ActiveCfg = Release|Any CPU
		{8E88DA96-E722-4666-B406-4FBB467A603B}.Release|Any CPU.Build.0 = Release|Any CPU
		{9F174DBB-43E8-47E9-9381-0313E03D2166}.Debug|Any CPU.ActiveCfg = Debug|Any CPU
		{9F174DBB-43E8-47E9-9381-0313E03D2166}.Debug|Any CPU.Build.0 = Debug|Any CPU
		{9F174DBB-43E8-47E9-9381-0313E03D2166}.Release|Any CPU.ActiveCfg = Release|Any CPU
		{9F174DBB-43E8-47E9-9381-0313E03D2166}.Release|Any CPU.Build.0 = Release|Any CPU
		{876F6221-D1D8-40BE-83FF-A2FBCB230F79}.Debug|Any CPU.ActiveCfg = Debug|Any CPU
		{876F6221-D1D8-40BE-83FF-A2FBCB230F79}.Debug|Any CPU.Build.0 = Debug|Any CPU
		{876F6221-D1D8-40BE-83FF-A2FBCB230F79}.Release|Any CPU.ActiveCfg = Release|Any CPU
		{876F6221-D1D8-40BE-83FF-A2FBCB230F79}.Release|Any CPU.Build.0 = Release|Any CPU
		{404B876C-FE8E-4274-9032-BC55E744D5ED}.Debug|Any CPU.ActiveCfg = Debug|Any CPU
		{404B876C-FE8E-4274-9032-BC55E744D5ED}.Debug|Any CPU.Build.0 = Debug|Any CPU
		{404B876C-FE8E-4274-9032-BC55E744D5ED}.Release|Any CPU.ActiveCfg = Release|Any CPU
		{404B876C-FE8E-4274-9032-BC55E744D5ED}.Release|Any CPU.Build.0 = Release|Any CPU
		{8144387E-4027-46A4-8772-DF3C03187E1F}.Debug|Any CPU.ActiveCfg = Debug|Any CPU
		{8144387E-4027-46A4-8772-DF3C03187E1F}.Debug|Any CPU.Build.0 = Debug|Any CPU
		{8144387E-4027-46A4-8772-DF3C03187E1F}.Release|Any CPU.ActiveCfg = Release|Any CPU
		{8144387E-4027-46A4-8772-DF3C03187E1F}.Release|Any CPU.Build.0 = Release|Any CPU
		{7EF322D2-2048-4995-BB08-119C8DE78C4F}.Debug|Any CPU.ActiveCfg = Debug|Any CPU
		{7EF322D2-2048-4995-BB08-119C8DE78C4F}.Debug|Any CPU.Build.0 = Debug|Any CPU
		{7EF322D2-2048-4995-BB08-119C8DE78C4F}.Release|Any CPU.ActiveCfg = Release|Any CPU
		{7EF322D2-2048-4995-BB08-119C8DE78C4F}.Release|Any CPU.Build.0 = Release|Any CPU
	EndGlobalSection
	GlobalSection(SolutionProperties) = preSolution
		HideSolutionNode = FALSE
	EndGlobalSection
	GlobalSection(NestedProjects) = preSolution
		{2C4B524D-7BC2-46DB-AB39-E3689403532F} = {B7E16433-8A4D-4B3F-BBF7-F8368409CE5D}
		{B43147DC-680C-40F6-8112-AB6B27420848} = {246E7E9B-825B-4179-AD4A-203B8E4A90E7}
		{BC4E46F0-48C1-418C-8115-294045367164} = {246E7E9B-825B-4179-AD4A-203B8E4A90E7}
		{90C70255-C520-4C71-85BA-C8317CE289BB} = {EF03775F-9454-447B-87F5-428890F3FD67}
		{454A6500-A797-4B87-ADBF-052AC63C020E} = {0CF98E47-27EC-44D2-ACAE-0E4A824B115E}
		{6C396DDA-670E-44FE-BAF2-E8ECA03F9D3D} = {454A6500-A797-4B87-ADBF-052AC63C020E}
		{7D9A8BDB-70A0-4B09-BD97-7E70ADC27705} = {246E7E9B-825B-4179-AD4A-203B8E4A90E7}
		{711AE651-1768-4281-9F19-E5B1A08C2F7D} = {246E7E9B-825B-4179-AD4A-203B8E4A90E7}
		{67AA11EC-AC72-410C-8362-7758506D6D4D} = {246E7E9B-825B-4179-AD4A-203B8E4A90E7}
		{F5C8423A-2472-4C20-8A54-68CE8AD6482A} = {246E7E9B-825B-4179-AD4A-203B8E4A90E7}
		{C6748805-EDA6-4717-A826-583097675EC1} = {EF03775F-9454-447B-87F5-428890F3FD67}
		{89D76C95-588A-4891-A4F8-D2002E374F78} = {C6748805-EDA6-4717-A826-583097675EC1}
		{A60C4FA6-A05D-40A8-A489-2651B832BE28} = {2CA58000-23D8-434C-86D9-05DECE461819}
		{2CA58000-23D8-434C-86D9-05DECE461819} = {38DABB38-D200-459B-B95D-898C45072ACE}
		{0AC91455-1CB4-4AEA-B2BC-3D0A5F8B12D2} = {52C00E97-93E0-4495-A4D8-6DBE88A893D4}
		{01681399-F1F1-40F3-ACAB-CD43A22CB100} = {0AC91455-1CB4-4AEA-B2BC-3D0A5F8B12D2}
		{BC711DCF-ABB6-464D-AA22-B63D17B83E85} = {B77BDC35-87BF-44ED-A26F-73BC36200B76}
		{C37030B9-FEBE-456D-84D5-AF73E013617C} = {BC711DCF-ABB6-464D-AA22-B63D17B83E85}
		{DB7EDD3E-1608-4CD2-95D8-A1884246D179} = {6C767AD8-E0F0-4B26-B96E-C4A767EF1FD6}
		{7480A61D-5188-4451-88DE-1A8D15462FD1} = {DB7EDD3E-1608-4CD2-95D8-A1884246D179}
		{5916DF6E-AE72-427E-A833-7590D387CE44} = {21EB2B49-BA0F-4036-A4F5-8AB4B9D0D948}
		{6EE34E12-8385-4F2E-AE35-BCA4B0000E14} = {5916DF6E-AE72-427E-A833-7590D387CE44}
		{9D8BB428-CB1B-46FE-BF07-3E3D87BB4DE1} = {B83BC454-C763-490D-8452-E3769CE5BBD4}
		{29A8D8F6-0CFF-4C8B-9762-5A80CA4BC33F} = {B7E16433-8A4D-4B3F-BBF7-F8368409CE5D}
		{774375D0-A09B-4093-BC1A-B55ED96D7B78} = {B83BC454-C763-490D-8452-E3769CE5BBD4}
		{B906F6F4-EF99-4535-82B0-9D7DE2C4448B} = {B83BC454-C763-490D-8452-E3769CE5BBD4}
		{0F4D4C3E-8B73-4606-A8B4-7FE9CE27430C} = {B83BC454-C763-490D-8452-E3769CE5BBD4}
		{B8A49CF8-9581-4004-8C4C-66AB5B9D65D2} = {B83BC454-C763-490D-8452-E3769CE5BBD4}
		{9AAEE5BA-0696-4AFC-B0E8-7E610891B87D} = {B83BC454-C763-490D-8452-E3769CE5BBD4}
		{669F8DE5-AC4C-4E14-854C-162B9E1208F8} = {B83BC454-C763-490D-8452-E3769CE5BBD4}
		{42D0FF8E-D80D-4C23-90C9-9953702F2991} = {B83BC454-C763-490D-8452-E3769CE5BBD4}
		{DDA35D17-973A-4621-8997-5A98EB8B3C30} = {B83BC454-C763-490D-8452-E3769CE5BBD4}
		{6240DD86-73A3-429F-AA34-CBD974CAA08D} = {B83BC454-C763-490D-8452-E3769CE5BBD4}
		{4E074812-7867-401C-AC33-78FBCE2D1593} = {B83BC454-C763-490D-8452-E3769CE5BBD4}
		{51A9C5DB-7268-4FC0-A387-CF390AC1DB2B} = {187E1905-E5B4-425B-B0A4-A4327C2707A2}
		{2E6C4CA0-3128-4593-886E-8C028E0C640A} = {51A9C5DB-7268-4FC0-A387-CF390AC1DB2B}
		{4A1DBC6E-F77E-4F69-8F25-D9A9D8CAA739} = {B83BC454-C763-490D-8452-E3769CE5BBD4}
		{431DFD1B-8101-4566-B581-1FF57AFDDDC5} = {B83BC454-C763-490D-8452-E3769CE5BBD4}
		{37F8F576-5EA4-4BB5-A05C-B125D85500C5} = {B83BC454-C763-490D-8452-E3769CE5BBD4}
		{176BD2E7-75C3-4883-8EB6-45BD4B367DAC} = {DE038FB5-127E-4003-99DE-AC05CDC4CA63}
		{F7E96138-E959-4872-BBA2-124E76529CF2} = {176BD2E7-75C3-4883-8EB6-45BD4B367DAC}
		{F081ABE5-C8B4-4EC2-AD76-22AC644471E9} = {B83BC454-C763-490D-8452-E3769CE5BBD4}
		{B2526CB6-9F84-4071-8AB4-004D35F086DB} = {B83BC454-C763-490D-8452-E3769CE5BBD4}
		{F9009451-589C-4873-BADE-A8251221F6B7} = {B83BC454-C763-490D-8452-E3769CE5BBD4}
		{F22CED9F-BCCF-4446-B972-BFE5CFCC411A} = {51A9C5DB-7268-4FC0-A387-CF390AC1DB2B}
		{F41DFC00-119C-46FA-B2B1-DC00510D1625} = {F22CED9F-BCCF-4446-B972-BFE5CFCC411A}
		{EB0C7046-B29D-4C57-AA72-388C3F21F0C9} = {F22CED9F-BCCF-4446-B972-BFE5CFCC411A}
		{8EF473BE-E403-4B31-BE59-3EAB5EA3DD85} = {F22CED9F-BCCF-4446-B972-BFE5CFCC411A}
		{6D4CD750-6AA9-48B1-B5AA-8BC50D37EB8E} = {F22CED9F-BCCF-4446-B972-BFE5CFCC411A}
		{26F452AA-F8A6-4250-B007-559BA70AC11B} = {21EB2B49-BA0F-4036-A4F5-8AB4B9D0D948}
		{2F4D8458-8095-4DE6-8630-C93E146CFC4E} = {26F452AA-F8A6-4250-B007-559BA70AC11B}
		{4FF2FF1E-8A9A-4E3C-890B-C2BC1E8DE712} = {ACE7D21B-A6DC-4118-9364-8688BF5F050D}
		{62621083-98AE-48B9-9453-D43F54012829} = {B83BC454-C763-490D-8452-E3769CE5BBD4}
		{F08A1873-9D22-49D3-BE45-0D47179B7B88} = {51A9C5DB-7268-4FC0-A387-CF390AC1DB2B}
		{8E88DA96-E722-4666-B406-4FBB467A603B} = {F08A1873-9D22-49D3-BE45-0D47179B7B88}
		{9F174DBB-43E8-47E9-9381-0313E03D2166} = {F08A1873-9D22-49D3-BE45-0D47179B7B88}
		{876F6221-D1D8-40BE-83FF-A2FBCB230F79} = {F08A1873-9D22-49D3-BE45-0D47179B7B88}
		{404B876C-FE8E-4274-9032-BC55E744D5ED} = {F08A1873-9D22-49D3-BE45-0D47179B7B88}
		{8144387E-4027-46A4-8772-DF3C03187E1F} = {F22CED9F-BCCF-4446-B972-BFE5CFCC411A}
		{7EF322D2-2048-4995-BB08-119C8DE78C4F} = {F08A1873-9D22-49D3-BE45-0D47179B7B88}
	EndGlobalSection
	GlobalSection(ExtensibilityGlobals) = postSolution
		SolutionGuid = {3ECD128E-D2DF-4CBD-B5C2-61B76698B594}
	EndGlobalSection
EndGlobal
